// !$*UTF8*$!
{
	archiveVersion = 1;
	classes = {
	};
	objectVersion = 48;
	objects = {

/* Begin PBXBuildFile section */
		18B621091F9E6FAC00DA7627 /* UnderlinedTextField.swift in Sources */ = {isa = PBXBuildFile; fileRef = 18B621081F9E6FAC00DA7627 /* UnderlinedTextField.swift */; };
		18B6210B1F9EAB3A00DA7627 /* ScheduleViewController.swift in Sources */ = {isa = PBXBuildFile; fileRef = 18B6210A1F9EAB3A00DA7627 /* ScheduleViewController.swift */; };
		18DF990F1FA784A300FAC28F /* AddMedicationTableViewController.swift in Sources */ = {isa = PBXBuildFile; fileRef = 18DF990E1FA784A300FAC28F /* AddMedicationTableViewController.swift */; };
		18DF99131FA8D08C00FAC28F /* MedicationEndRepeatTableViewController.swift in Sources */ = {isa = PBXBuildFile; fileRef = 18DF99121FA8D08C00FAC28F /* MedicationEndRepeatTableViewController.swift */; };
		A5117DC91F91C5740002A8DB /* AppDelegate.swift in Sources */ = {isa = PBXBuildFile; fileRef = A5117DC81F91C5740002A8DB /* AppDelegate.swift */; };
		A5117DCB1F91C5740002A8DB /* LoginViewController.swift in Sources */ = {isa = PBXBuildFile; fileRef = A5117DCA1F91C5740002A8DB /* LoginViewController.swift */; };
		A5117DCE1F91C5740002A8DB /* Main.storyboard in Resources */ = {isa = PBXBuildFile; fileRef = A5117DCC1F91C5740002A8DB /* Main.storyboard */; };
		A5117DD01F91C5740002A8DB /* Assets.xcassets in Resources */ = {isa = PBXBuildFile; fileRef = A5117DCF1F91C5740002A8DB /* Assets.xcassets */; };
		A5117DD31F91C5740002A8DB /* LaunchScreen.storyboard in Resources */ = {isa = PBXBuildFile; fileRef = A5117DD11F91C5740002A8DB /* LaunchScreen.storyboard */; };
		A5117DDE1F91C5740002A8DB /* iOSTestTests.swift in Sources */ = {isa = PBXBuildFile; fileRef = A5117DDD1F91C5740002A8DB /* iOSTestTests.swift */; };
		A5117DE91F91C5750002A8DB /* iOSTestUITests.swift in Sources */ = {isa = PBXBuildFile; fileRef = A5117DE81F91C5750002A8DB /* iOSTestUITests.swift */; };
		A5117DF71F91C5E90002A8DB /* XibView.swift in Sources */ = {isa = PBXBuildFile; fileRef = A5117DF61F91C5E90002A8DB /* XibView.swift */; };
		A5117DF91F91C7620002A8DB /* ReusableView.xib in Resources */ = {isa = PBXBuildFile; fileRef = A5117DF81F91C7620002A8DB /* ReusableView.xib */; };
		A5117DFB1F91C8920002A8DB /* ReusableView.swift in Sources */ = {isa = PBXBuildFile; fileRef = A5117DFA1F91C8920002A8DB /* ReusableView.swift */; };
		A5577A9D1FAADA2900E75938 /* Schedule.storyboard in Resources */ = {isa = PBXBuildFile; fileRef = A5577A9B1FAADA2900E75938 /* Schedule.storyboard */; };
		A5577A9F1FAADBB900E75938 /* ProfileTableViewController.swift in Sources */ = {isa = PBXBuildFile; fileRef = A5577A9E1FAADBB900E75938 /* ProfileTableViewController.swift */; };
		A570D5F91F9D5AE5005DBCF6 /* TabController.storyboard in Resources */ = {isa = PBXBuildFile; fileRef = A570D5F71F9D5AE5005DBCF6 /* TabController.storyboard */; };
		A570D5FB1F9D5B72005DBCF6 /* UIView+Corners.swift in Sources */ = {isa = PBXBuildFile; fileRef = A570D5FA1F9D5B72005DBCF6 /* UIView+Corners.swift */; };
		A570D5FD1F9D6233005DBCF6 /* AccountAccessViewController.swift in Sources */ = {isa = PBXBuildFile; fileRef = A570D5FC1F9D6233005DBCF6 /* AccountAccessViewController.swift */; };
		A570D6011F9E4D55005DBCF6 /* UITextField+DoneButton.swift in Sources */ = {isa = PBXBuildFile; fileRef = A570D6001F9E4D55005DBCF6 /* UITextField+DoneButton.swift */; };
		A5CC3C281FAACCCC00E449F4 /* UIColor+Defaults.swift in Sources */ = {isa = PBXBuildFile; fileRef = A5CC3C271FAACCCC00E449F4 /* UIColor+Defaults.swift */; };
/* End PBXBuildFile section */

/* Begin PBXContainerItemProxy section */
		A5117DDA1F91C5740002A8DB /* PBXContainerItemProxy */ = {
			isa = PBXContainerItemProxy;
			containerPortal = A5117DBD1F91C5740002A8DB /* Project object */;
			proxyType = 1;
			remoteGlobalIDString = A5117DC41F91C5740002A8DB;
			remoteInfo = iOSTest;
		};
		A5117DE51F91C5740002A8DB /* PBXContainerItemProxy */ = {
			isa = PBXContainerItemProxy;
			containerPortal = A5117DBD1F91C5740002A8DB /* Project object */;
			proxyType = 1;
			remoteGlobalIDString = A5117DC41F91C5740002A8DB;
			remoteInfo = iOSTest;
		};
/* End PBXContainerItemProxy section */

/* Begin PBXFileReference section */
		18B621081F9E6FAC00DA7627 /* UnderlinedTextField.swift */ = {isa = PBXFileReference; lastKnownFileType = sourcecode.swift; path = UnderlinedTextField.swift; sourceTree = "<group>"; };
		18B6210A1F9EAB3A00DA7627 /* ScheduleViewController.swift */ = {isa = PBXFileReference; lastKnownFileType = sourcecode.swift; path = ScheduleViewController.swift; sourceTree = "<group>"; };
		18DF990E1FA784A300FAC28F /* AddMedicationTableViewController.swift */ = {isa = PBXFileReference; lastKnownFileType = sourcecode.swift; path = AddMedicationTableViewController.swift; sourceTree = "<group>"; };
		18DF99121FA8D08C00FAC28F /* MedicationEndRepeatTableViewController.swift */ = {isa = PBXFileReference; lastKnownFileType = sourcecode.swift; path = MedicationEndRepeatTableViewController.swift; sourceTree = "<group>"; };
		A5117DC51F91C5740002A8DB /* iOSTest.app */ = {isa = PBXFileReference; explicitFileType = wrapper.application; includeInIndex = 0; path = iOSTest.app; sourceTree = BUILT_PRODUCTS_DIR; };
		A5117DC81F91C5740002A8DB /* AppDelegate.swift */ = {isa = PBXFileReference; lastKnownFileType = sourcecode.swift; path = AppDelegate.swift; sourceTree = "<group>"; };
		A5117DCA1F91C5740002A8DB /* LoginViewController.swift */ = {isa = PBXFileReference; lastKnownFileType = sourcecode.swift; path = LoginViewController.swift; sourceTree = "<group>"; };
		A5117DCD1F91C5740002A8DB /* Base */ = {isa = PBXFileReference; lastKnownFileType = file.storyboard; name = Base; path = Base.lproj/Main.storyboard; sourceTree = "<group>"; };
		A5117DCF1F91C5740002A8DB /* Assets.xcassets */ = {isa = PBXFileReference; lastKnownFileType = folder.assetcatalog; path = Assets.xcassets; sourceTree = "<group>"; };
		A5117DD21F91C5740002A8DB /* Base */ = {isa = PBXFileReference; lastKnownFileType = file.storyboard; name = Base; path = Base.lproj/LaunchScreen.storyboard; sourceTree = "<group>"; };
		A5117DD41F91C5740002A8DB /* Info.plist */ = {isa = PBXFileReference; lastKnownFileType = text.plist.xml; path = Info.plist; sourceTree = "<group>"; };
		A5117DD91F91C5740002A8DB /* iOSTestTests.xctest */ = {isa = PBXFileReference; explicitFileType = wrapper.cfbundle; includeInIndex = 0; path = iOSTestTests.xctest; sourceTree = BUILT_PRODUCTS_DIR; };
		A5117DDD1F91C5740002A8DB /* iOSTestTests.swift */ = {isa = PBXFileReference; lastKnownFileType = sourcecode.swift; path = iOSTestTests.swift; sourceTree = "<group>"; };
		A5117DDF1F91C5740002A8DB /* Info.plist */ = {isa = PBXFileReference; lastKnownFileType = text.plist.xml; path = Info.plist; sourceTree = "<group>"; };
		A5117DE41F91C5740002A8DB /* iOSTestUITests.xctest */ = {isa = PBXFileReference; explicitFileType = wrapper.cfbundle; includeInIndex = 0; path = iOSTestUITests.xctest; sourceTree = BUILT_PRODUCTS_DIR; };
		A5117DE81F91C5750002A8DB /* iOSTestUITests.swift */ = {isa = PBXFileReference; lastKnownFileType = sourcecode.swift; path = iOSTestUITests.swift; sourceTree = "<group>"; };
		A5117DEA1F91C5750002A8DB /* Info.plist */ = {isa = PBXFileReference; lastKnownFileType = text.plist.xml; path = Info.plist; sourceTree = "<group>"; };
		A5117DF61F91C5E90002A8DB /* XibView.swift */ = {isa = PBXFileReference; lastKnownFileType = sourcecode.swift; path = XibView.swift; sourceTree = "<group>"; };
		A5117DF81F91C7620002A8DB /* ReusableView.xib */ = {isa = PBXFileReference; lastKnownFileType = file.xib; path = ReusableView.xib; sourceTree = "<group>"; };
		A5117DFA1F91C8920002A8DB /* ReusableView.swift */ = {isa = PBXFileReference; lastKnownFileType = sourcecode.swift; path = ReusableView.swift; sourceTree = "<group>"; };
		A5577A9C1FAADA2900E75938 /* Base */ = {isa = PBXFileReference; lastKnownFileType = file.storyboard; name = Base; path = iOSTest/iOSTest/Base.lproj/Schedule.storyboard; sourceTree = "<group>"; };
		A5577A9E1FAADBB900E75938 /* ProfileTableViewController.swift */ = {isa = PBXFileReference; lastKnownFileType = sourcecode.swift; path = ProfileTableViewController.swift; sourceTree = "<group>"; };
		A570D5F81F9D5AE5005DBCF6 /* Base */ = {isa = PBXFileReference; lastKnownFileType = file.storyboard; name = Base; path = iOSTest/Base.lproj/TabController.storyboard; sourceTree = "<group>"; };
		A570D5FA1F9D5B72005DBCF6 /* UIView+Corners.swift */ = {isa = PBXFileReference; lastKnownFileType = sourcecode.swift; path = "UIView+Corners.swift"; sourceTree = "<group>"; };
		A570D5FC1F9D6233005DBCF6 /* AccountAccessViewController.swift */ = {isa = PBXFileReference; lastKnownFileType = sourcecode.swift; path = AccountAccessViewController.swift; sourceTree = "<group>"; };
		A570D6001F9E4D55005DBCF6 /* UITextField+DoneButton.swift */ = {isa = PBXFileReference; lastKnownFileType = sourcecode.swift; path = "UITextField+DoneButton.swift"; sourceTree = "<group>"; };
		A5CC3C271FAACCCC00E449F4 /* UIColor+Defaults.swift */ = {isa = PBXFileReference; lastKnownFileType = sourcecode.swift; path = "UIColor+Defaults.swift"; sourceTree = "<group>"; };
/* End PBXFileReference section */

/* Begin PBXFrameworksBuildPhase section */
		A5117DC21F91C5740002A8DB /* Frameworks */ = {
			isa = PBXFrameworksBuildPhase;
			buildActionMask = 2147483647;
			files = (
			);
			runOnlyForDeploymentPostprocessing = 0;
		};
		A5117DD61F91C5740002A8DB /* Frameworks */ = {
			isa = PBXFrameworksBuildPhase;
			buildActionMask = 2147483647;
			files = (
			);
			runOnlyForDeploymentPostprocessing = 0;
		};
		A5117DE11F91C5740002A8DB /* Frameworks */ = {
			isa = PBXFrameworksBuildPhase;
			buildActionMask = 2147483647;
			files = (
			);
			runOnlyForDeploymentPostprocessing = 0;
		};
/* End PBXFrameworksBuildPhase section */

/* Begin PBXGroup section */
		A5117DBC1F91C5740002A8DB = {
			isa = PBXGroup;
			children = (
				A5117DC71F91C5740002A8DB /* iOSTest */,
				A5117DDC1F91C5740002A8DB /* iOSTestTests */,
				A5117DE71F91C5750002A8DB /* iOSTestUITests */,
				A5117DC61F91C5740002A8DB /* Products */,
			);
			sourceTree = "<group>";
		};
		A5117DC61F91C5740002A8DB /* Products */ = {
			isa = PBXGroup;
			children = (
				A5117DC51F91C5740002A8DB /* iOSTest.app */,
				A5117DD91F91C5740002A8DB /* iOSTestTests.xctest */,
				A5117DE41F91C5740002A8DB /* iOSTestUITests.xctest */,
			);
			name = Products;
			sourceTree = "<group>";
		};
		A5117DC71F91C5740002A8DB /* iOSTest */ = {
			isa = PBXGroup;
			children = (
				A5117DC81F91C5740002A8DB /* AppDelegate.swift */,
				A5117DCA1F91C5740002A8DB /* LoginViewController.swift */,
				18B621081F9E6FAC00DA7627 /* UnderlinedTextField.swift */,
				A570D5FC1F9D6233005DBCF6 /* AccountAccessViewController.swift */,
				18B6210A1F9EAB3A00DA7627 /* ScheduleViewController.swift */,
				A570D5FA1F9D5B72005DBCF6 /* UIView+Corners.swift */,
				A5CC3C271FAACCCC00E449F4 /* UIColor+Defaults.swift */,
				18DF990E1FA784A300FAC28F /* AddMedicationTableViewController.swift */,
				A5577A9E1FAADBB900E75938 /* ProfileTableViewController.swift */,
				18DF99121FA8D08C00FAC28F /* MedicationEndRepeatTableViewController.swift */,
				A570D6001F9E4D55005DBCF6 /* UITextField+DoneButton.swift */,
				A5117DF61F91C5E90002A8DB /* XibView.swift */,
				A5117DF81F91C7620002A8DB /* ReusableView.xib */,
				A5117DFA1F91C8920002A8DB /* ReusableView.swift */,
				A5117DCF1F91C5740002A8DB /* Assets.xcassets */,
				A5117DCC1F91C5740002A8DB /* Main.storyboard */,
				A570D5F71F9D5AE5005DBCF6 /* TabController.storyboard */,
				A5577A9B1FAADA2900E75938 /* Schedule.storyboard */,
				A5117DD11F91C5740002A8DB /* LaunchScreen.storyboard */,
				A5117DD41F91C5740002A8DB /* Info.plist */,
			);
			path = iOSTest;
			sourceTree = "<group>";
		};
		A5117DDC1F91C5740002A8DB /* iOSTestTests */ = {
			isa = PBXGroup;
			children = (
				A5117DDD1F91C5740002A8DB /* iOSTestTests.swift */,
				A5117DDF1F91C5740002A8DB /* Info.plist */,
			);
			path = iOSTestTests;
			sourceTree = "<group>";
		};
		A5117DE71F91C5750002A8DB /* iOSTestUITests */ = {
			isa = PBXGroup;
			children = (
				A5117DE81F91C5750002A8DB /* iOSTestUITests.swift */,
				A5117DEA1F91C5750002A8DB /* Info.plist */,
			);
			path = iOSTestUITests;
			sourceTree = "<group>";
		};
/* End PBXGroup section */

/* Begin PBXNativeTarget section */
		A5117DC41F91C5740002A8DB /* iOSTest */ = {
			isa = PBXNativeTarget;
			buildConfigurationList = A5117DED1F91C5750002A8DB /* Build configuration list for PBXNativeTarget "iOSTest" */;
			buildPhases = (
				A5117DC11F91C5740002A8DB /* Sources */,
				A5117DC21F91C5740002A8DB /* Frameworks */,
				A5117DC31F91C5740002A8DB /* Resources */,
			);
			buildRules = (
			);
			dependencies = (
			);
			name = iOSTest;
			productName = iOSTest;
			productReference = A5117DC51F91C5740002A8DB /* iOSTest.app */;
			productType = "com.apple.product-type.application";
		};
		A5117DD81F91C5740002A8DB /* iOSTestTests */ = {
			isa = PBXNativeTarget;
			buildConfigurationList = A5117DF01F91C5750002A8DB /* Build configuration list for PBXNativeTarget "iOSTestTests" */;
			buildPhases = (
				A5117DD51F91C5740002A8DB /* Sources */,
				A5117DD61F91C5740002A8DB /* Frameworks */,
				A5117DD71F91C5740002A8DB /* Resources */,
			);
			buildRules = (
			);
			dependencies = (
				A5117DDB1F91C5740002A8DB /* PBXTargetDependency */,
			);
			name = iOSTestTests;
			productName = iOSTestTests;
			productReference = A5117DD91F91C5740002A8DB /* iOSTestTests.xctest */;
			productType = "com.apple.product-type.bundle.unit-test";
		};
		A5117DE31F91C5740002A8DB /* iOSTestUITests */ = {
			isa = PBXNativeTarget;
			buildConfigurationList = A5117DF31F91C5750002A8DB /* Build configuration list for PBXNativeTarget "iOSTestUITests" */;
			buildPhases = (
				A5117DE01F91C5740002A8DB /* Sources */,
				A5117DE11F91C5740002A8DB /* Frameworks */,
				A5117DE21F91C5740002A8DB /* Resources */,
			);
			buildRules = (
			);
			dependencies = (
				A5117DE61F91C5740002A8DB /* PBXTargetDependency */,
			);
			name = iOSTestUITests;
			productName = iOSTestUITests;
			productReference = A5117DE41F91C5740002A8DB /* iOSTestUITests.xctest */;
			productType = "com.apple.product-type.bundle.ui-testing";
		};
/* End PBXNativeTarget section */

/* Begin PBXProject section */
		A5117DBD1F91C5740002A8DB /* Project object */ = {
			isa = PBXProject;
			attributes = {
				LastSwiftUpdateCheck = 0900;
				LastUpgradeCheck = 0900;
				ORGANIZATIONNAME = "Brandon Chester";
				TargetAttributes = {
					A5117DC41F91C5740002A8DB = {
						CreatedOnToolsVersion = 9.0;
						ProvisioningStyle = Automatic;
					};
					A5117DD81F91C5740002A8DB = {
						CreatedOnToolsVersion = 9.0;
						ProvisioningStyle = Automatic;
						TestTargetID = A5117DC41F91C5740002A8DB;
					};
					A5117DE31F91C5740002A8DB = {
						CreatedOnToolsVersion = 9.0;
						ProvisioningStyle = Automatic;
						TestTargetID = A5117DC41F91C5740002A8DB;
					};
				};
			};
			buildConfigurationList = A5117DC01F91C5740002A8DB /* Build configuration list for PBXProject "iOSTest" */;
			compatibilityVersion = "Xcode 8.0";
			developmentRegion = en;
			hasScannedForEncodings = 0;
			knownRegions = (
				en,
				Base,
			);
			mainGroup = A5117DBC1F91C5740002A8DB;
			productRefGroup = A5117DC61F91C5740002A8DB /* Products */;
			projectDirPath = "";
			projectRoot = "";
			targets = (
				A5117DC41F91C5740002A8DB /* iOSTest */,
				A5117DD81F91C5740002A8DB /* iOSTestTests */,
				A5117DE31F91C5740002A8DB /* iOSTestUITests */,
			);
		};
/* End PBXProject section */

/* Begin PBXResourcesBuildPhase section */
		A5117DC31F91C5740002A8DB /* Resources */ = {
			isa = PBXResourcesBuildPhase;
			buildActionMask = 2147483647;
			files = (
				A5117DD31F91C5740002A8DB /* LaunchScreen.storyboard in Resources */,
				A570D5F91F9D5AE5005DBCF6 /* TabController.storyboard in Resources */,
				A5117DD01F91C5740002A8DB /* Assets.xcassets in Resources */,
				A5117DCE1F91C5740002A8DB /* Main.storyboard in Resources */,
				A5117DF91F91C7620002A8DB /* ReusableView.xib in Resources */,
				A5577A9D1FAADA2900E75938 /* Schedule.storyboard in Resources */,
			);
			runOnlyForDeploymentPostprocessing = 0;
		};
		A5117DD71F91C5740002A8DB /* Resources */ = {
			isa = PBXResourcesBuildPhase;
			buildActionMask = 2147483647;
			files = (
			);
			runOnlyForDeploymentPostprocessing = 0;
		};
		A5117DE21F91C5740002A8DB /* Resources */ = {
			isa = PBXResourcesBuildPhase;
			buildActionMask = 2147483647;
			files = (
			);
			runOnlyForDeploymentPostprocessing = 0;
		};
/* End PBXResourcesBuildPhase section */

/* Begin PBXSourcesBuildPhase section */
		A5117DC11F91C5740002A8DB /* Sources */ = {
			isa = PBXSourcesBuildPhase;
			buildActionMask = 2147483647;
			files = (
				A570D6011F9E4D55005DBCF6 /* UITextField+DoneButton.swift in Sources */,
				A5CC3C281FAACCCC00E449F4 /* UIColor+Defaults.swift in Sources */,
				A5117DCB1F91C5740002A8DB /* LoginViewController.swift in Sources */,
				18DF990F1FA784A300FAC28F /* AddMedicationTableViewController.swift in Sources */,
				A570D5FD1F9D6233005DBCF6 /* AccountAccessViewController.swift in Sources */,
				18B6210B1F9EAB3A00DA7627 /* ScheduleViewController.swift in Sources */,
				A5117DF71F91C5E90002A8DB /* XibView.swift in Sources */,
				18DF99131FA8D08C00FAC28F /* MedicationEndRepeatTableViewController.swift in Sources */,
				A5577A9F1FAADBB900E75938 /* ProfileTableViewController.swift in Sources */,
				A570D5FB1F9D5B72005DBCF6 /* UIView+Corners.swift in Sources */,
				A5117DC91F91C5740002A8DB /* AppDelegate.swift in Sources */,
				A5117DFB1F91C8920002A8DB /* ReusableView.swift in Sources */,
				18B621091F9E6FAC00DA7627 /* UnderlinedTextField.swift in Sources */,
			);
			runOnlyForDeploymentPostprocessing = 0;
		};
		A5117DD51F91C5740002A8DB /* Sources */ = {
			isa = PBXSourcesBuildPhase;
			buildActionMask = 2147483647;
			files = (
				A5117DDE1F91C5740002A8DB /* iOSTestTests.swift in Sources */,
			);
			runOnlyForDeploymentPostprocessing = 0;
		};
		A5117DE01F91C5740002A8DB /* Sources */ = {
			isa = PBXSourcesBuildPhase;
			buildActionMask = 2147483647;
			files = (
				A5117DE91F91C5750002A8DB /* iOSTestUITests.swift in Sources */,
			);
			runOnlyForDeploymentPostprocessing = 0;
		};
/* End PBXSourcesBuildPhase section */

/* Begin PBXTargetDependency section */
		A5117DDB1F91C5740002A8DB /* PBXTargetDependency */ = {
			isa = PBXTargetDependency;
			target = A5117DC41F91C5740002A8DB /* iOSTest */;
			targetProxy = A5117DDA1F91C5740002A8DB /* PBXContainerItemProxy */;
		};
		A5117DE61F91C5740002A8DB /* PBXTargetDependency */ = {
			isa = PBXTargetDependency;
			target = A5117DC41F91C5740002A8DB /* iOSTest */;
			targetProxy = A5117DE51F91C5740002A8DB /* PBXContainerItemProxy */;
		};
/* End PBXTargetDependency section */

/* Begin PBXVariantGroup section */
		A5117DCC1F91C5740002A8DB /* Main.storyboard */ = {
			isa = PBXVariantGroup;
			children = (
				A5117DCD1F91C5740002A8DB /* Base */,
			);
			name = Main.storyboard;
			sourceTree = "<group>";
		};
		A5117DD11F91C5740002A8DB /* LaunchScreen.storyboard */ = {
			isa = PBXVariantGroup;
			children = (
				A5117DD21F91C5740002A8DB /* Base */,
			);
			name = LaunchScreen.storyboard;
			sourceTree = "<group>";
		};
		A5577A9B1FAADA2900E75938 /* Schedule.storyboard */ = {
			isa = PBXVariantGroup;
			children = (
				A5577A9C1FAADA2900E75938 /* Base */,
			);
			name = Schedule.storyboard;
			sourceTree = "<group>";
		};
		A570D5F71F9D5AE5005DBCF6 /* TabController.storyboard */ = {
			isa = PBXVariantGroup;
			children = (
				A570D5F81F9D5AE5005DBCF6 /* Base */,
			);
			name = TabController.storyboard;
			sourceTree = "<group>";
		};
/* End PBXVariantGroup section */

/* Begin XCBuildConfiguration section */
		A5117DEB1F91C5750002A8DB /* Debug */ = {
			isa = XCBuildConfiguration;
			buildSettings = {
				ALWAYS_SEARCH_USER_PATHS = NO;
				CLANG_ANALYZER_NONNULL = YES;
				CLANG_ANALYZER_NUMBER_OBJECT_CONVERSION = YES_AGGRESSIVE;
				CLANG_CXX_LANGUAGE_STANDARD = "gnu++14";
				CLANG_CXX_LIBRARY = "libc++";
				CLANG_ENABLE_MODULES = YES;
				CLANG_ENABLE_OBJC_ARC = YES;
				CLANG_WARN_BLOCK_CAPTURE_AUTORELEASING = YES;
				CLANG_WARN_BOOL_CONVERSION = YES;
				CLANG_WARN_COMMA = YES;
				CLANG_WARN_CONSTANT_CONVERSION = YES;
				CLANG_WARN_DIRECT_OBJC_ISA_USAGE = YES_ERROR;
				CLANG_WARN_DOCUMENTATION_COMMENTS = YES;
				CLANG_WARN_EMPTY_BODY = YES;
				CLANG_WARN_ENUM_CONVERSION = YES;
				CLANG_WARN_INFINITE_RECURSION = YES;
				CLANG_WARN_INT_CONVERSION = YES;
				CLANG_WARN_NON_LITERAL_NULL_CONVERSION = YES;
				CLANG_WARN_OBJC_LITERAL_CONVERSION = YES;
				CLANG_WARN_OBJC_ROOT_CLASS = YES_ERROR;
				CLANG_WARN_RANGE_LOOP_ANALYSIS = YES;
				CLANG_WARN_STRICT_PROTOTYPES = YES;
				CLANG_WARN_SUSPICIOUS_MOVE = YES;
				CLANG_WARN_UNGUARDED_AVAILABILITY = YES_AGGRESSIVE;
				CLANG_WARN_UNREACHABLE_CODE = YES;
				CLANG_WARN__DUPLICATE_METHOD_MATCH = YES;
				CODE_SIGN_IDENTITY = "iPhone Developer";
				COPY_PHASE_STRIP = NO;
				DEBUG_INFORMATION_FORMAT = dwarf;
				ENABLE_STRICT_OBJC_MSGSEND = YES;
				ENABLE_TESTABILITY = YES;
				GCC_C_LANGUAGE_STANDARD = gnu11;
				GCC_DYNAMIC_NO_PIC = NO;
				GCC_NO_COMMON_BLOCKS = YES;
				GCC_OPTIMIZATION_LEVEL = 0;
				GCC_PREPROCESSOR_DEFINITIONS = (
					"DEBUG=1",
					"$(inherited)",
				);
				GCC_WARN_64_TO_32_BIT_CONVERSION = YES;
				GCC_WARN_ABOUT_RETURN_TYPE = YES_ERROR;
				GCC_WARN_UNDECLARED_SELECTOR = YES;
				GCC_WARN_UNINITIALIZED_AUTOS = YES_AGGRESSIVE;
				GCC_WARN_UNUSED_FUNCTION = YES;
				GCC_WARN_UNUSED_VARIABLE = YES;
				IPHONEOS_DEPLOYMENT_TARGET = 11.0;
				MTL_ENABLE_DEBUG_INFO = YES;
				ONLY_ACTIVE_ARCH = YES;
				SDKROOT = iphoneos;
				SWIFT_ACTIVE_COMPILATION_CONDITIONS = DEBUG;
				SWIFT_OPTIMIZATION_LEVEL = "-Onone";
			};
			name = Debug;
		};
		A5117DEC1F91C5750002A8DB /* Release */ = {
			isa = XCBuildConfiguration;
			buildSettings = {
				ALWAYS_SEARCH_USER_PATHS = NO;
				CLANG_ANALYZER_NONNULL = YES;
				CLANG_ANALYZER_NUMBER_OBJECT_CONVERSION = YES_AGGRESSIVE;
				CLANG_CXX_LANGUAGE_STANDARD = "gnu++14";
				CLANG_CXX_LIBRARY = "libc++";
				CLANG_ENABLE_MODULES = YES;
				CLANG_ENABLE_OBJC_ARC = YES;
				CLANG_WARN_BLOCK_CAPTURE_AUTORELEASING = YES;
				CLANG_WARN_BOOL_CONVERSION = YES;
				CLANG_WARN_COMMA = YES;
				CLANG_WARN_CONSTANT_CONVERSION = YES;
				CLANG_WARN_DIRECT_OBJC_ISA_USAGE = YES_ERROR;
				CLANG_WARN_DOCUMENTATION_COMMENTS = YES;
				CLANG_WARN_EMPTY_BODY = YES;
				CLANG_WARN_ENUM_CONVERSION = YES;
				CLANG_WARN_INFINITE_RECURSION = YES;
				CLANG_WARN_INT_CONVERSION = YES;
				CLANG_WARN_NON_LITERAL_NULL_CONVERSION = YES;
				CLANG_WARN_OBJC_LITERAL_CONVERSION = YES;
				CLANG_WARN_OBJC_ROOT_CLASS = YES_ERROR;
				CLANG_WARN_RANGE_LOOP_ANALYSIS = YES;
				CLANG_WARN_STRICT_PROTOTYPES = YES;
				CLANG_WARN_SUSPICIOUS_MOVE = YES;
				CLANG_WARN_UNGUARDED_AVAILABILITY = YES_AGGRESSIVE;
				CLANG_WARN_UNREACHABLE_CODE = YES;
				CLANG_WARN__DUPLICATE_METHOD_MATCH = YES;
				CODE_SIGN_IDENTITY = "iPhone Developer";
				COPY_PHASE_STRIP = NO;
				DEBUG_INFORMATION_FORMAT = "dwarf-with-dsym";
				ENABLE_NS_ASSERTIONS = NO;
				ENABLE_STRICT_OBJC_MSGSEND = YES;
				GCC_C_LANGUAGE_STANDARD = gnu11;
				GCC_NO_COMMON_BLOCKS = YES;
				GCC_WARN_64_TO_32_BIT_CONVERSION = YES;
				GCC_WARN_ABOUT_RETURN_TYPE = YES_ERROR;
				GCC_WARN_UNDECLARED_SELECTOR = YES;
				GCC_WARN_UNINITIALIZED_AUTOS = YES_AGGRESSIVE;
				GCC_WARN_UNUSED_FUNCTION = YES;
				GCC_WARN_UNUSED_VARIABLE = YES;
				IPHONEOS_DEPLOYMENT_TARGET = 11.0;
				MTL_ENABLE_DEBUG_INFO = NO;
				SDKROOT = iphoneos;
				SWIFT_OPTIMIZATION_LEVEL = "-Owholemodule";
				VALIDATE_PRODUCT = YES;
			};
			name = Release;
		};
		A5117DEE1F91C5750002A8DB /* Debug */ = {
			isa = XCBuildConfiguration;
			buildSettings = {
				ASSETCATALOG_COMPILER_APPICON_NAME = AppIcon;
				"CODE_SIGN_IDENTITY[sdk=iphoneos*]" = "iPhone Developer";
				CODE_SIGN_STYLE = Automatic;
				DEVELOPMENT_TEAM = 8FT8QCMQ8M;
				INFOPLIST_FILE = iOSTest/Info.plist;
				LD_RUNPATH_SEARCH_PATHS = "$(inherited) @executable_path/Frameworks";
				PRODUCT_BUNDLE_IDENTIFIER = com.brandySoft.iOSTest;
				PRODUCT_NAME = "$(TARGET_NAME)";
				PROVISIONING_PROFILE_SPECIFIER = "";
				SWIFT_VERSION = 4.0;
				TARGETED_DEVICE_FAMILY = "1,2";
			};
			name = Debug;
		};
		A5117DEF1F91C5750002A8DB /* Release */ = {
			isa = XCBuildConfiguration;
			buildSettings = {
				ASSETCATALOG_COMPILER_APPICON_NAME = AppIcon;
				"CODE_SIGN_IDENTITY[sdk=iphoneos*]" = "iPhone Developer";
				CODE_SIGN_STYLE = Automatic;
				DEVELOPMENT_TEAM = 8FT8QCMQ8M;
				INFOPLIST_FILE = iOSTest/Info.plist;
				LD_RUNPATH_SEARCH_PATHS = "$(inherited) @executable_path/Frameworks";
				PRODUCT_BUNDLE_IDENTIFIER = com.brandySoft.iOSTest;
				PRODUCT_NAME = "$(TARGET_NAME)";
				PROVISIONING_PROFILE_SPECIFIER = "";
				SWIFT_VERSION = 4.0;
				TARGETED_DEVICE_FAMILY = "1,2";
			};
			name = Release;
		};
		A5117DF11F91C5750002A8DB /* Debug */ = {
			isa = XCBuildConfiguration;
			buildSettings = {
				ALWAYS_EMBED_SWIFT_STANDARD_LIBRARIES = YES;
				BUNDLE_LOADER = "$(TEST_HOST)";
				CODE_SIGN_STYLE = Automatic;
				INFOPLIST_FILE = iOSTestTests/Info.plist;
				LD_RUNPATH_SEARCH_PATHS = "$(inherited) @executable_path/Frameworks @loader_path/Frameworks";
				PRODUCT_BUNDLE_IDENTIFIER = com.brandySoft.iOSTestTests;
				PRODUCT_NAME = "$(TARGET_NAME)";
				SWIFT_VERSION = 4.0;
				TARGETED_DEVICE_FAMILY = "1,2";
				TEST_HOST = "$(BUILT_PRODUCTS_DIR)/iOSTest.app/iOSTest";
			};
			name = Debug;
		};
		A5117DF21F91C5750002A8DB /* Release */ = {
			isa = XCBuildConfiguration;
			buildSettings = {
				ALWAYS_EMBED_SWIFT_STANDARD_LIBRARIES = YES;
				BUNDLE_LOADER = "$(TEST_HOST)";
				CODE_SIGN_STYLE = Automatic;
				INFOPLIST_FILE = iOSTestTests/Info.plist;
				LD_RUNPATH_SEARCH_PATHS = "$(inherited) @executable_path/Frameworks @loader_path/Frameworks";
				PRODUCT_BUNDLE_IDENTIFIER = com.brandySoft.iOSTestTests;
				PRODUCT_NAME = "$(TARGET_NAME)";
				SWIFT_VERSION = 4.0;
				TARGETED_DEVICE_FAMILY = "1,2";
				TEST_HOST = "$(BUILT_PRODUCTS_DIR)/iOSTest.app/iOSTest";
			};
			name = Release;
		};
		A5117DF41F91C5750002A8DB /* Debug */ = {
			isa = XCBuildConfiguration;
			buildSettings = {
				ALWAYS_EMBED_SWIFT_STANDARD_LIBRARIES = YES;
				CODE_SIGN_STYLE = Automatic;
				INFOPLIST_FILE = iOSTestUITests/Info.plist;
				LD_RUNPATH_SEARCH_PATHS = "$(inherited) @executable_path/Frameworks @loader_path/Frameworks";
				PRODUCT_BUNDLE_IDENTIFIER = com.brandySoft.iOSTestUITests;
				PRODUCT_NAME = "$(TARGET_NAME)";
				SWIFT_VERSION = 4.0;
				TARGETED_DEVICE_FAMILY = "1,2";
				TEST_TARGET_NAME = iOSTest;
			};
			name = Debug;
		};
		A5117DF51F91C5750002A8DB /* Release */ = {
			isa = XCBuildConfiguration;
			buildSettings = {
				ALWAYS_EMBED_SWIFT_STANDARD_LIBRARIES = YES;
				CODE_SIGN_STYLE = Automatic;
				INFOPLIST_FILE = iOSTestUITests/Info.plist;
				LD_RUNPATH_SEARCH_PATHS = "$(inherited) @executable_path/Frameworks @loader_path/Frameworks";
				PRODUCT_BUNDLE_IDENTIFIER = com.brandySoft.iOSTestUITests;
				PRODUCT_NAME = "$(TARGET_NAME)";
				SWIFT_VERSION = 4.0;
				TARGETED_DEVICE_FAMILY = "1,2";
				TEST_TARGET_NAME = iOSTest;
			};
			name = Release;
		};
/* End XCBuildConfiguration section */

/* Begin XCConfigurationList section */
		A5117DC01F91C5740002A8DB /* Build configuration list for PBXProject "iOSTest" */ = {
			isa = XCConfigurationList;
			buildConfigurations = (
				A5117DEB1F91C5750002A8DB /* Debug */,
				A5117DEC1F91C5750002A8DB /* Release */,
			);
			defaultConfigurationIsVisible = 0;
			defaultConfigurationName = Release;
		};
		A5117DED1F91C5750002A8DB /* Build configuration list for PBXNativeTarget "iOSTest" */ = {
			isa = XCConfigurationList;
			buildConfigurations = (
				A5117DEE1F91C5750002A8DB /* Debug */,
				A5117DEF1F91C5750002A8DB /* Release */,
			);
			defaultConfigurationIsVisible = 0;
			defaultConfigurationName = Release;
		};
		A5117DF01F91C5750002A8DB /* Build configuration list for PBXNativeTarget "iOSTestTests" */ = {
			isa = XCConfigurationList;
			buildConfigurations = (
				A5117DF11F91C5750002A8DB /* Debug */,
				A5117DF21F91C5750002A8DB /* Release */,
			);
			defaultConfigurationIsVisible = 0;
			defaultConfigurationName = Release;
		};
		A5117DF31F91C5750002A8DB /* Build configuration list for PBXNativeTarget "iOSTestUITests" */ = {
			isa = XCConfigurationList;
			buildConfigurations = (
				A5117DF41F91C5750002A8DB /* Debug */,
				A5117DF51F91C5750002A8DB /* Release */,
			);
			defaultConfigurationIsVisible = 0;
			defaultConfigurationName = Release;
		};
/* End XCConfigurationList section */
	};
	rootObject = A5117DBD1F91C5740002A8DB /* Project object */;
}
